
Microsoft Visual Studio Solution File, Format Version 12.00
# Visual Studio Version 17
VisualStudioVersion = 17.8.34408.163
MinimumVisualStudioVersion = 10.0.40219.1
Project("{FAE04EC0-301F-11D3-BF4B-00C04F79EFBC}") = "ShipLootPlusPreloader", "ShipLootPlusPreloader\ShipLootPlusPreloader.csproj", "{F1697523-6464-4D07-91C7-7968CFC0B824}"
EndProject
Global
	GlobalSection(SolutionConfigurationPlatforms) = preSolution
		Debug|Any CPU = Debug|Any CPU
		Release|Any CPU = Release|Any CPU
	EndGlobalSection
	GlobalSection(ProjectConfigurationPlatforms) = postSolution
		{F1697523-6464-4D07-91C7-7968CFC0B824}.Debug|Any CPU.ActiveCfg = Debug|Any CPU
		{F1697523-6464-4D07-91C7-7968CFC0B824}.Debug|Any CPU.Build.0 = Debug|Any CPU
		{F1697523-6464-4D07-91C7-7968CFC0B824}.Release|Any CPU.ActiveCfg = Release|Any CPU
		{F1697523-6464-4D07-91C7-7968CFC0B824}.Release|Any CPU.Build.0 = Release|Any CPU
	EndGlobalSection
	GlobalSection(SolutionProperties) = preSolution
		HideSolutionNode = FALSE
	EndGlobalSection
	GlobalSection(ExtensibilityGlobals) = postSolution
		SolutionGuid = {FB49CD8C-A394-4089-AB4F-787AC38F71D3}
	EndGlobalSection
EndGlobal
